// !$*UTF8*$!
{
	archiveVersion = 1;
	classes = {
	};
	objectVersion = 50;
	objects = {

/* Begin PBXBuildFile section */
		AC01A3D023577AD4009842B8 /* AppDelegate.swift in Sources */ = {isa = PBXBuildFile; fileRef = AC01A3CF23577AD4009842B8 /* AppDelegate.swift */; };
		AC01A3D223577AD4009842B8 /* ViewController.swift in Sources */ = {isa = PBXBuildFile; fileRef = AC01A3D123577AD4009842B8 /* ViewController.swift */; };
		AC01A3D523577AD4009842B8 /* Main.storyboard in Resources */ = {isa = PBXBuildFile; fileRef = AC01A3D323577AD4009842B8 /* Main.storyboard */; };
		AC01A3D723577ADA009842B8 /* Assets.xcassets in Resources */ = {isa = PBXBuildFile; fileRef = AC01A3D623577ADA009842B8 /* Assets.xcassets */; };
		AC01A3DA23577ADA009842B8 /* LaunchScreen.storyboard in Resources */ = {isa = PBXBuildFile; fileRef = AC01A3D823577ADA009842B8 /* LaunchScreen.storyboard */; };
		AC01A3E523577ADA009842B8 /* pogodynkaTests.swift in Sources */ = {isa = PBXBuildFile; fileRef = AC01A3E423577ADA009842B8 /* pogodynkaTests.swift */; };
		AC01A3F023577ADA009842B8 /* pogodynkaUITests.swift in Sources */ = {isa = PBXBuildFile; fileRef = AC01A3EF23577ADA009842B8 /* pogodynkaUITests.swift */; };
		AC2D685E2360B4E60098E1EC /* Pogoda.swift in Sources */ = {isa = PBXBuildFile; fileRef = AC2D685D2360B4E60098E1EC /* Pogoda.swift */; };
/* End PBXBuildFile section */

/* Begin PBXContainerItemProxy section */
		AC01A3E123577ADA009842B8 /* PBXContainerItemProxy */ = {
			isa = PBXContainerItemProxy;
			containerPortal = AC01A3C423577AD4009842B8 /* Project object */;
			proxyType = 1;
			remoteGlobalIDString = AC01A3CB23577AD4009842B8;
			remoteInfo = pogodynka;
		};
		AC01A3EC23577ADA009842B8 /* PBXContainerItemProxy */ = {
			isa = PBXContainerItemProxy;
			containerPortal = AC01A3C423577AD4009842B8 /* Project object */;
			proxyType = 1;
			remoteGlobalIDString = AC01A3CB23577AD4009842B8;
			remoteInfo = pogodynka;
		};
/* End PBXContainerItemProxy section */

/* Begin PBXFileReference section */
		AC01A3CC23577AD4009842B8 /* pogodynka.app */ = {isa = PBXFileReference; explicitFileType = wrapper.application; includeInIndex = 0; path = pogodynka.app; sourceTree = BUILT_PRODUCTS_DIR; };
		AC01A3CF23577AD4009842B8 /* AppDelegate.swift */ = {isa = PBXFileReference; lastKnownFileType = sourcecode.swift; path = AppDelegate.swift; sourceTree = "<group>"; };
		AC01A3D123577AD4009842B8 /* ViewController.swift */ = {isa = PBXFileReference; lastKnownFileType = sourcecode.swift; path = ViewController.swift; sourceTree = "<group>"; };
		AC01A3D423577AD4009842B8 /* Base */ = {isa = PBXFileReference; lastKnownFileType = file.storyboard; name = Base; path = Base.lproj/Main.storyboard; sourceTree = "<group>"; };
		AC01A3D623577ADA009842B8 /* Assets.xcassets */ = {isa = PBXFileReference; lastKnownFileType = folder.assetcatalog; path = Assets.xcassets; sourceTree = "<group>"; };
		AC01A3D923577ADA009842B8 /* Base */ = {isa = PBXFileReference; lastKnownFileType = file.storyboard; name = Base; path = Base.lproj/LaunchScreen.storyboard; sourceTree = "<group>"; };
		AC01A3DB23577ADA009842B8 /* Info.plist */ = {isa = PBXFileReference; lastKnownFileType = text.plist.xml; path = Info.plist; sourceTree = "<group>"; };
		AC01A3E023577ADA009842B8 /* pogodynkaTests.xctest */ = {isa = PBXFileReference; explicitFileType = wrapper.cfbundle; includeInIndex = 0; path = pogodynkaTests.xctest; sourceTree = BUILT_PRODUCTS_DIR; };
		AC01A3E423577ADA009842B8 /* pogodynkaTests.swift */ = {isa = PBXFileReference; lastKnownFileType = sourcecode.swift; path = pogodynkaTests.swift; sourceTree = "<group>"; };
		AC01A3E623577ADA009842B8 /* Info.plist */ = {isa = PBXFileReference; lastKnownFileType = text.plist.xml; path = Info.plist; sourceTree = "<group>"; };
		AC01A3EB23577ADA009842B8 /* pogodynkaUITests.xctest */ = {isa = PBXFileReference; explicitFileType = wrapper.cfbundle; includeInIndex = 0; path = pogodynkaUITests.xctest; sourceTree = BUILT_PRODUCTS_DIR; };
		AC01A3EF23577ADA009842B8 /* pogodynkaUITests.swift */ = {isa = PBXFileReference; lastKnownFileType = sourcecode.swift; path = pogodynkaUITests.swift; sourceTree = "<group>"; };
		AC01A3F123577ADA009842B8 /* Info.plist */ = {isa = PBXFileReference; lastKnownFileType = text.plist.xml; path = Info.plist; sourceTree = "<group>"; };
		AC2D685D2360B4E60098E1EC /* Pogoda.swift */ = {isa = PBXFileReference; lastKnownFileType = sourcecode.swift; path = Pogoda.swift; sourceTree = "<group>"; };
/* End PBXFileReference section */

/* Begin PBXFrameworksBuildPhase section */
		AC01A3C923577AD4009842B8 /* Frameworks */ = {
			isa = PBXFrameworksBuildPhase;
			buildActionMask = 2147483647;
			files = (
			);
			runOnlyForDeploymentPostprocessing = 0;
		};
		AC01A3DD23577ADA009842B8 /* Frameworks */ = {
			isa = PBXFrameworksBuildPhase;
			buildActionMask = 2147483647;
			files = (
			);
			runOnlyForDeploymentPostprocessing = 0;
		};
		AC01A3E823577ADA009842B8 /* Frameworks */ = {
			isa = PBXFrameworksBuildPhase;
			buildActionMask = 2147483647;
			files = (
			);
			runOnlyForDeploymentPostprocessing = 0;
		};
/* End PBXFrameworksBuildPhase section */

/* Begin PBXGroup section */
		AC01A3C323577AD4009842B8 = {
			isa = PBXGroup;
			children = (
				AC01A3CE23577AD4009842B8 /* pogodynka */,
				AC01A3E323577ADA009842B8 /* pogodynkaTests */,
				AC01A3EE23577ADA009842B8 /* pogodynkaUITests */,
				AC01A3CD23577AD4009842B8 /* Products */,
			);
			sourceTree = "<group>";
		};
		AC01A3CD23577AD4009842B8 /* Products */ = {
			isa = PBXGroup;
			children = (
				AC01A3CC23577AD4009842B8 /* pogodynka.app */,
				AC01A3E023577ADA009842B8 /* pogodynkaTests.xctest */,
				AC01A3EB23577ADA009842B8 /* pogodynkaUITests.xctest */,
			);
			name = Products;
			sourceTree = "<group>";
		};
		AC01A3CE23577AD4009842B8 /* pogodynka */ = {
			isa = PBXGroup;
			children = (
				AC01A3CF23577AD4009842B8 /* AppDelegate.swift */,
				AC01A3D123577AD4009842B8 /* ViewController.swift */,
				AC2D685D2360B4E60098E1EC /* Pogoda.swift */,
				AC01A3D323577AD4009842B8 /* Main.storyboard */,
				AC01A3D623577ADA009842B8 /* Assets.xcassets */,
				AC01A3D823577ADA009842B8 /* LaunchScreen.storyboard */,
				AC01A3DB23577ADA009842B8 /* Info.plist */,
			);
			path = pogodynka;
			sourceTree = "<group>";
		};
		AC01A3E323577ADA009842B8 /* pogodynkaTests */ = {
			isa = PBXGroup;
			children = (
				AC01A3E423577ADA009842B8 /* pogodynkaTests.swift */,
				AC01A3E623577ADA009842B8 /* Info.plist */,
			);
			path = pogodynkaTests;
			sourceTree = "<group>";
		};
		AC01A3EE23577ADA009842B8 /* pogodynkaUITests */ = {
			isa = PBXGroup;
			children = (
				AC01A3EF23577ADA009842B8 /* pogodynkaUITests.swift */,
				AC01A3F123577ADA009842B8 /* Info.plist */,
			);
			path = pogodynkaUITests;
			sourceTree = "<group>";
		};
/* End PBXGroup section */

/* Begin PBXNativeTarget section */
		AC01A3CB23577AD4009842B8 /* pogodynka */ = {
			isa = PBXNativeTarget;
			buildConfigurationList = AC01A3F423577ADA009842B8 /* Build configuration list for PBXNativeTarget "pogodynka" */;
			buildPhases = (
				AC01A3C823577AD4009842B8 /* Sources */,
				AC01A3C923577AD4009842B8 /* Frameworks */,
				AC01A3CA23577AD4009842B8 /* Resources */,
			);
			buildRules = (
			);
			dependencies = (
			);
			name = pogodynka;
			productName = pogodynka;
			productReference = AC01A3CC23577AD4009842B8 /* pogodynka.app */;
			productType = "com.apple.product-type.application";
		};
		AC01A3DF23577ADA009842B8 /* pogodynkaTests */ = {
			isa = PBXNativeTarget;
			buildConfigurationList = AC01A3F723577ADA009842B8 /* Build configuration list for PBXNativeTarget "pogodynkaTests" */;
			buildPhases = (
				AC01A3DC23577ADA009842B8 /* Sources */,
				AC01A3DD23577ADA009842B8 /* Frameworks */,
				AC01A3DE23577ADA009842B8 /* Resources */,
			);
			buildRules = (
			);
			dependencies = (
				AC01A3E223577ADA009842B8 /* PBXTargetDependency */,
			);
			name = pogodynkaTests;
			productName = pogodynkaTests;
			productReference = AC01A3E023577ADA009842B8 /* pogodynkaTests.xctest */;
			productType = "com.apple.product-type.bundle.unit-test";
		};
		AC01A3EA23577ADA009842B8 /* pogodynkaUITests */ = {
			isa = PBXNativeTarget;
			buildConfigurationList = AC01A3FA23577ADA009842B8 /* Build configuration list for PBXNativeTarget "pogodynkaUITests" */;
			buildPhases = (
				AC01A3E723577ADA009842B8 /* Sources */,
				AC01A3E823577ADA009842B8 /* Frameworks */,
				AC01A3E923577ADA009842B8 /* Resources */,
			);
			buildRules = (
			);
			dependencies = (
				AC01A3ED23577ADA009842B8 /* PBXTargetDependency */,
			);
			name = pogodynkaUITests;
			productName = pogodynkaUITests;
			productReference = AC01A3EB23577ADA009842B8 /* pogodynkaUITests.xctest */;
			productType = "com.apple.product-type.bundle.ui-testing";
		};
/* End PBXNativeTarget section */

/* Begin PBXProject section */
		AC01A3C423577AD4009842B8 /* Project object */ = {
			isa = PBXProject;
			attributes = {
				LastSwiftUpdateCheck = 1010;
				LastUpgradeCheck = 1010;
				ORGANIZATIONNAME = "Mateusz Grzelinski";
				TargetAttributes = {
					AC01A3CB23577AD4009842B8 = {
						CreatedOnToolsVersion = 10.1;
					};
					AC01A3DF23577ADA009842B8 = {
						CreatedOnToolsVersion = 10.1;
						TestTargetID = AC01A3CB23577AD4009842B8;
					};
					AC01A3EA23577ADA009842B8 = {
						CreatedOnToolsVersion = 10.1;
						TestTargetID = AC01A3CB23577AD4009842B8;
					};
				};
			};
			buildConfigurationList = AC01A3C723577AD4009842B8 /* Build configuration list for PBXProject "pogodynka" */;
			compatibilityVersion = "Xcode 9.3";
			developmentRegion = en;
			hasScannedForEncodings = 0;
			knownRegions = (
				en,
				Base,
			);
			mainGroup = AC01A3C323577AD4009842B8;
			productRefGroup = AC01A3CD23577AD4009842B8 /* Products */;
			projectDirPath = "";
			projectRoot = "";
			targets = (
				AC01A3CB23577AD4009842B8 /* pogodynka */,
				AC01A3DF23577ADA009842B8 /* pogodynkaTests */,
				AC01A3EA23577ADA009842B8 /* pogodynkaUITests */,
			);
		};
/* End PBXProject section */

/* Begin PBXResourcesBuildPhase section */
		AC01A3CA23577AD4009842B8 /* Resources */ = {
			isa = PBXResourcesBuildPhase;
			buildActionMask = 2147483647;
			files = (
				AC01A3DA23577ADA009842B8 /* LaunchScreen.storyboard in Resources */,
				AC01A3D723577ADA009842B8 /* Assets.xcassets in Resources */,
				AC01A3D523577AD4009842B8 /* Main.storyboard in Resources */,
			);
			runOnlyForDeploymentPostprocessing = 0;
		};
		AC01A3DE23577ADA009842B8 /* Resources */ = {
			isa = PBXResourcesBuildPhase;
			buildActionMask = 2147483647;
			files = (
			);
			runOnlyForDeploymentPostprocessing = 0;
		};
		AC01A3E923577ADA009842B8 /* Resources */ = {
			isa = PBXResourcesBuildPhase;
			buildActionMask = 2147483647;
			files = (
			);
			runOnlyForDeploymentPostprocessing = 0;
		};
/* End PBXResourcesBuildPhase section */

/* Begin PBXSourcesBuildPhase section */
		AC01A3C823577AD4009842B8 /* Sources */ = {
			isa = PBXSourcesBuildPhase;
			buildActionMask = 2147483647;
			files = (
				AC2D685E2360B4E60098E1EC /* Pogoda.swift in Sources */,
				AC01A3D223577AD4009842B8 /* ViewController.swift in Sources */,
				AC01A3D023577AD4009842B8 /* AppDelegate.swift in Sources */,
			);
			runOnlyForDeploymentPostprocessing = 0;
		};
		AC01A3DC23577ADA009842B8 /* Sources */ = {
			isa = PBXSourcesBuildPhase;
			buildActionMask = 2147483647;
			files = (
				AC01A3E523577ADA009842B8 /* pogodynkaTests.swift in Sources */,
			);
			runOnlyForDeploymentPostprocessing = 0;
		};
		AC01A3E723577ADA009842B8 /* Sources */ = {
			isa = PBXSourcesBuildPhase;
			buildActionMask = 2147483647;
			files = (
				AC01A3F023577ADA009842B8 /* pogodynkaUITests.swift in Sources */,
			);
			runOnlyForDeploymentPostprocessing = 0;
		};
/* End PBXSourcesBuildPhase section */

/* Begin PBXTargetDependency section */
		AC01A3E223577ADA009842B8 /* PBXTargetDependency */ = {
			isa = PBXTargetDependency;
			target = AC01A3CB23577AD4009842B8 /* pogodynka */;
			targetProxy = AC01A3E123577ADA009842B8 /* PBXContainerItemProxy */;
		};
		AC01A3ED23577ADA009842B8 /* PBXTargetDependency */ = {
			isa = PBXTargetDependency;
			target = AC01A3CB23577AD4009842B8 /* pogodynka */;
			targetProxy = AC01A3EC23577ADA009842B8 /* PBXContainerItemProxy */;
		};
/* End PBXTargetDependency section */

/* Begin PBXVariantGroup section */
		AC01A3D323577AD4009842B8 /* Main.storyboard */ = {
			isa = PBXVariantGroup;
			children = (
				AC01A3D423577AD4009842B8 /* Base */,
			);
			name = Main.storyboard;
			sourceTree = "<group>";
		};
		AC01A3D823577ADA009842B8 /* LaunchScreen.storyboard */ = {
			isa = PBXVariantGroup;
			children = (
				AC01A3D923577ADA009842B8 /* Base */,
			);
			name = LaunchScreen.storyboard;
			sourceTree = "<group>";
		};
/* End PBXVariantGroup section */

/* Begin XCBuildConfiguration section */
		AC01A3F223577ADA009842B8 /* Debug */ = {
			isa = XCBuildConfiguration;
			buildSettings = {
				ALWAYS_SEARCH_USER_PATHS = NO;
				CLANG_ANALYZER_NONNULL = YES;
				CLANG_ANALYZER_NUMBER_OBJECT_CONVERSION = YES_AGGRESSIVE;
				CLANG_CXX_LANGUAGE_STANDARD = "gnu++14";
				CLANG_CXX_LIBRARY = "libc++";
				CLANG_ENABLE_MODULES = YES;
				CLANG_ENABLE_OBJC_ARC = YES;
				CLANG_ENABLE_OBJC_WEAK = YES;
				CLANG_WARN_BLOCK_CAPTURE_AUTORELEASING = YES;
				CLANG_WARN_BOOL_CONVERSION = YES;
				CLANG_WARN_COMMA = YES;
				CLANG_WARN_CONSTANT_CONVERSION = YES;
				CLANG_WARN_DEPRECATED_OBJC_IMPLEMENTATIONS = YES;
				CLANG_WARN_DIRECT_OBJC_ISA_USAGE = YES_ERROR;
				CLANG_WARN_DOCUMENTATION_COMMENTS = YES;
				CLANG_WARN_EMPTY_BODY = YES;
				CLANG_WARN_ENUM_CONVERSION = YES;
				CLANG_WARN_INFINITE_RECURSION = YES;
				CLANG_WARN_INT_CONVERSION = YES;
				CLANG_WARN_NON_LITERAL_NULL_CONVERSION = YES;
				CLANG_WARN_OBJC_IMPLICIT_RETAIN_SELF = YES;
				CLANG_WARN_OBJC_LITERAL_CONVERSION = YES;
				CLANG_WARN_OBJC_ROOT_CLASS = YES_ERROR;
				CLANG_WARN_RANGE_LOOP_ANALYSIS = YES;
				CLANG_WARN_STRICT_PROTOTYPES = YES;
				CLANG_WARN_SUSPICIOUS_MOVE = YES;
				CLANG_WARN_UNGUARDED_AVAILABILITY = YES_AGGRESSIVE;
				CLANG_WARN_UNREACHABLE_CODE = YES;
				CLANG_WARN__DUPLICATE_METHOD_MATCH = YES;
				CODE_SIGN_IDENTITY = "iPhone Developer";
				COPY_PHASE_STRIP = NO;
				DEBUG_INFORMATION_FORMAT = dwarf;
				ENABLE_STRICT_OBJC_MSGSEND = YES;
				ENABLE_TESTABILITY = YES;
				GCC_C_LANGUAGE_STANDARD = gnu11;
				GCC_DYNAMIC_NO_PIC = NO;
				GCC_NO_COMMON_BLOCKS = YES;
				GCC_OPTIMIZATION_LEVEL = 0;
				GCC_PREPROCESSOR_DEFINITIONS = (
					"DEBUG=1",
					"$(inherited)",
				);
				GCC_WARN_64_TO_32_BIT_CONVERSION = YES;
				GCC_WARN_ABOUT_RETURN_TYPE = YES_ERROR;
				GCC_WARN_UNDECLARED_SELECTOR = YES;
				GCC_WARN_UNINITIALIZED_AUTOS = YES_AGGRESSIVE;
				GCC_WARN_UNUSED_FUNCTION = YES;
				GCC_WARN_UNUSED_VARIABLE = YES;
				IPHONEOS_DEPLOYMENT_TARGET = 12.1;
				MTL_ENABLE_DEBUG_INFO = INCLUDE_SOURCE;
				MTL_FAST_MATH = YES;
				ONLY_ACTIVE_ARCH = YES;
				SDKROOT = iphoneos;
				SWIFT_ACTIVE_COMPILATION_CONDITIONS = DEBUG;
				SWIFT_OPTIMIZATION_LEVEL = "-Onone";
			};
			name = Debug;
		};
		AC01A3F323577ADA009842B8 /* Release */ = {
			isa = XCBuildConfiguration;
			buildSettings = {
				ALWAYS_SEARCH_USER_PATHS = NO;
				CLANG_ANALYZER_NONNULL = YES;
				CLANG_ANALYZER_NUMBER_OBJECT_CONVERSION = YES_AGGRESSIVE;
				CLANG_CXX_LANGUAGE_STANDARD = "gnu++14";
				CLANG_CXX_LIBRARY = "libc++";
				CLANG_ENABLE_MODULES = YES;
				CLANG_ENABLE_OBJC_ARC = YES;
				CLANG_ENABLE_OBJC_WEAK = YES;
				CLANG_WARN_BLOCK_CAPTURE_AUTORELEASING = YES;
				CLANG_WARN_BOOL_CONVERSION = YES;
				CLANG_WARN_COMMA = YES;
				CLANG_WARN_CONSTANT_CONVERSION = YES;
				CLANG_WARN_DEPRECATED_OBJC_IMPLEMENTATIONS = YES;
				CLANG_WARN_DIRECT_OBJC_ISA_USAGE = YES_ERROR;
				CLANG_WARN_DOCUMENTATION_COMMENTS = YES;
				CLANG_WARN_EMPTY_BODY = YES;
				CLANG_WARN_ENUM_CONVERSION = YES;
				CLANG_WARN_INFINITE_RECURSION = YES;
				CLANG_WARN_INT_CONVERSION = YES;
				CLANG_WARN_NON_LITERAL_NULL_CONVERSION = YES;
				CLANG_WARN_OBJC_IMPLICIT_RETAIN_SELF = YES;
				CLANG_WARN_OBJC_LITERAL_CONVERSION = YES;
				CLANG_WARN_OBJC_ROOT_CLASS = YES_ERROR;
				CLANG_WARN_RANGE_LOOP_ANALYSIS = YES;
				CLANG_WARN_STRICT_PROTOTYPES = YES;
				CLANG_WARN_SUSPICIOUS_MOVE = YES;
				CLANG_WARN_UNGUARDED_AVAILABILITY = YES_AGGRESSIVE;
				CLANG_WARN_UNREACHABLE_CODE = YES;
				CLANG_WARN__DUPLICATE_METHOD_MATCH = YES;
				CODE_SIGN_IDENTITY = "iPhone Developer";
				COPY_PHASE_STRIP = NO;
				DEBUG_INFORMATION_FORMAT = "dwarf-with-dsym";
				ENABLE_NS_ASSERTIONS = NO;
				ENABLE_STRICT_OBJC_MSGSEND = YES;
				GCC_C_LANGUAGE_STANDARD = gnu11;
				GCC_NO_COMMON_BLOCKS = YES;
				GCC_WARN_64_TO_32_BIT_CONVERSION = YES;
				GCC_WARN_ABOUT_RETURN_TYPE = YES_ERROR;
				GCC_WARN_UNDECLARED_SELECTOR = YES;
				GCC_WARN_UNINITIALIZED_AUTOS = YES_AGGRESSIVE;
				GCC_WARN_UNUSED_FUNCTION = YES;
				GCC_WARN_UNUSED_VARIABLE = YES;
				IPHONEOS_DEPLOYMENT_TARGET = 12.1;
				MTL_ENABLE_DEBUG_INFO = NO;
				MTL_FAST_MATH = YES;
				SDKROOT = iphoneos;
				SWIFT_COMPILATION_MODE = wholemodule;
				SWIFT_OPTIMIZATION_LEVEL = "-O";
				VALIDATE_PRODUCT = YES;
			};
			name = Release;
		};
		AC01A3F523577ADA009842B8 /* Debug */ = {
			isa = XCBuildConfiguration;
			buildSettings = {
				ASSETCATALOG_COMPILER_APPICON_NAME = AppIcon;
				CODE_SIGN_STYLE = Automatic;
				INFOPLIST_FILE = pogodynka/Info.plist;
				LD_RUNPATH_SEARCH_PATHS = (
					"$(inherited)",
					"@executable_path/Frameworks",
				);
				PRODUCT_BUNDLE_IDENTIFIER = grzelins.pogodynka;
				PRODUCT_NAME = "$(TARGET_NAME)";
				SWIFT_VERSION = 4.2;
				TARGETED_DEVICE_FAMILY = "1,2";
			};
			name = Debug;
		};
		AC01A3F623577ADA009842B8 /* Release */ = {
			isa = XCBuildConfiguration;
			buildSettings = {
				ASSETCATALOG_COMPILER_APPICON_NAME = AppIcon;
				CODE_SIGN_STYLE = Automatic;
				INFOPLIST_FILE = pogodynka/Info.plist;
				LD_RUNPATH_SEARCH_PATHS = (
					"$(inherited)",
					"@executable_path/Frameworks",
				);
				PRODUCT_BUNDLE_IDENTIFIER = grzelins.pogodynka;
				PRODUCT_NAME = "$(TARGET_NAME)";
				SWIFT_VERSION = 4.2;
				TARGETED_DEVICE_FAMILY = "1,2";
			};
			name = Release;
		};
		AC01A3F823577ADA009842B8 /* Debug */ = {
			isa = XCBuildConfiguration;
			buildSettings = {
				ALWAYS_EMBED_SWIFT_STANDARD_LIBRARIES = YES;
				BUNDLE_LOADER = "$(TEST_HOST)";
				CODE_SIGN_STYLE = Automatic;
				INFOPLIST_FILE = pogodynkaTests/Info.plist;
				LD_RUNPATH_SEARCH_PATHS = (
					"$(inherited)",
					"@executable_path/Frameworks",
					"@loader_path/Frameworks",
				);
				PRODUCT_BUNDLE_IDENTIFIER = grzelins.pogodynkaTests;
				PRODUCT_NAME = "$(TARGET_NAME)";
				SWIFT_VERSION = 4.2;
				TARGETED_DEVICE_FAMILY = "1,2";
				TEST_HOST = "$(BUILT_PRODUCTS_DIR)/pogodynka.app/pogodynka";
			};
			name = Debug;
		};
		AC01A3F923577ADA009842B8 /* Release */ = {
			isa = XCBuildConfiguration;
			buildSettings = {
				ALWAYS_EMBED_SWIFT_STANDARD_LIBRARIES = YES;
				BUNDLE_LOADER = "$(TEST_HOST)";
				CODE_SIGN_STYLE = Automatic;
				INFOPLIST_FILE = pogodynkaTests/Info.plist;
				LD_RUNPATH_SEARCH_PATHS = (
					"$(inherited)",
					"@executable_path/Frameworks",
					"@loader_path/Frameworks",
				);
				PRODUCT_BUNDLE_IDENTIFIER = grzelins.pogodynkaTests;
				PRODUCT_NAME = "$(TARGET_NAME)";
				SWIFT_VERSION = 4.2;
				TARGETED_DEVICE_FAMILY = "1,2";
				TEST_HOST = "$(BUILT_PRODUCTS_DIR)/pogodynka.app/pogodynka";
			};
			name = Release;
		};
		AC01A3FB23577ADA009842B8 /* Debug */ = {
			isa = XCBuildConfiguration;
			buildSettings = {
				ALWAYS_EMBED_SWIFT_STANDARD_LIBRARIES = YES;
				CODE_SIGN_STYLE = Automatic;
				INFOPLIST_FILE = pogodynkaUITests/Info.plist;
				LD_RUNPATH_SEARCH_PATHS = (
					"$(inherited)",
					"@executable_path/Frameworks",
					"@loader_path/Frameworks",
				);
				PRODUCT_BUNDLE_IDENTIFIER = grzelins.pogodynkaUITests;
				PRODUCT_NAME = "$(TARGET_NAME)";
				SWIFT_VERSION = 4.2;
				TARGETED_DEVICE_FAMILY = "1,2";
				TEST_TARGET_NAME = pogodynka;
			};
			name = Debug;
		};
		AC01A3FC23577ADA009842B8 /* Release */ = {
			isa = XCBuildConfiguration;
			buildSettings = {
				ALWAYS_EMBED_SWIFT_STANDARD_LIBRARIES = YES;
				CODE_SIGN_STYLE = Automatic;
				INFOPLIST_FILE = pogodynkaUITests/Info.plist;
				LD_RUNPATH_SEARCH_PATHS = (
					"$(inherited)",
					"@executable_path/Frameworks",
					"@loader_path/Frameworks",
				);
				PRODUCT_BUNDLE_IDENTIFIER = grzelins.pogodynkaUITests;
				PRODUCT_NAME = "$(TARGET_NAME)";
				SWIFT_VERSION = 4.2;
				TARGETED_DEVICE_FAMILY = "1,2";
				TEST_TARGET_NAME = pogodynka;
			};
			name = Release;
		};
/* End XCBuildConfiguration section */

/* Begin XCConfigurationList section */
		AC01A3C723577AD4009842B8 /* Build configuration list for PBXProject "pogodynka" */ = {
			isa = XCConfigurationList;
			buildConfigurations = (
				AC01A3F223577ADA009842B8 /* Debug */,
				AC01A3F323577ADA009842B8 /* Release */,
			);
			defaultConfigurationIsVisible = 0;
			defaultConfigurationName = Release;
		};
		AC01A3F423577ADA009842B8 /* Build configuration list for PBXNativeTarget "pogodynka" */ = {
			isa = XCConfigurationList;
			buildConfigurations = (
				AC01A3F523577ADA009842B8 /* Debug */,
				AC01A3F623577ADA009842B8 /* Release */,
			);
			defaultConfigurationIsVisible = 0;
			defaultConfigurationName = Release;
		};
		AC01A3F723577ADA009842B8 /* Build configuration list for PBXNativeTarget "pogodynkaTests" */ = {
			isa = XCConfigurationList;
			buildConfigurations = (
				AC01A3F823577ADA009842B8 /* Debug */,
				AC01A3F923577ADA009842B8 /* Release */,
			);
			defaultConfigurationIsVisible = 0;
			defaultConfigurationName = Release;
		};
		AC01A3FA23577ADA009842B8 /* Build configuration list for PBXNativeTarget "pogodynkaUITests" */ = {
			isa = XCConfigurationList;
			buildConfigurations = (
				AC01A3FB23577ADA009842B8 /* Debug */,
				AC01A3FC23577ADA009842B8 /* Release */,
			);
			defaultConfigurationIsVisible = 0;
			defaultConfigurationName = Release;
		};
/* End XCConfigurationList section */
	};
	rootObject = AC01A3C423577AD4009842B8 /* Project object */;
}
